
Microsoft Visual Studio Solution File, Format Version 12.00
# Visual Studio Version 17
VisualStudioVersion = 17.0.31903.59
MinimumVisualStudioVersion = 10.0.40219.1
Project("{2150E333-8FDC-42A3-9474-1A3956D46DE8}") = "src", "src", "{827E0CD3-B72D-47B6-A68D-7590B98EB39B}"
EndProject
Project("{FAE04EC0-301F-11D3-BF4B-00C04F79EFBC}") = "Poc.Bff.Domain", "src\Poc.Bff.Domain\Poc.Bff.Domain.csproj", "{E27CADD2-64C6-4C3E-89A1-0249C1D38D86}"
EndProject
Project("{FAE04EC0-301F-11D3-BF4B-00C04F79EFBC}") = "Poc.Bff.Application", "src\Poc.Bff.Application\Poc.Bff.Application.csproj", "{F3701FBE-2C91-48A9-B039-10F05AF34049}"
EndProject
Project("{FAE04EC0-301F-11D3-BF4B-00C04F79EFBC}") = "Poc.Bff.Infrastructure", "src\Poc.Bff.Infrastructure\Poc.Bff.Infrastructure.csproj", "{96017738-53DB-43AE-934D-045BFF8B6833}"
EndProject
Project("{FAE04EC0-301F-11D3-BF4B-00C04F79EFBC}") = "Poc.Bff.Api", "src\Poc.Bff.Api\Poc.Bff.Api.csproj", "{69C691E7-C8D6-4042-8016-0363A45A56D4}"
EndProject
Project("{2150E333-8FDC-42A3-9474-1A3956D46DE8}") = "tests", "tests", "{0AB3BF05-4346-4AA6-1389-037BE0695223}"
EndProject
Project("{FAE04EC0-301F-11D3-BF4B-00C04F79EFBC}") = "Poc.Bff.Domain.Tests", "tests\Poc.Bff.Domain.Tests\Poc.Bff.Domain.Tests.csproj", "{DC557075-EC31-4209-95EF-682F53257A62}"
EndProject
Project("{FAE04EC0-301F-11D3-BF4B-00C04F79EFBC}") = "Poc.Bff.Application.Tests", "tests\Poc.Bff.Application.Tests\Poc.Bff.Application.Tests.csproj", "{47A57306-5775-4534-9CE3-1C1D46C1F09C}"
EndProject
Project("{FAE04EC0-301F-11D3-BF4B-00C04F79EFBC}") = "Poc.Bff.Integration.Tests", "tests\Poc.Bff.Integration.Tests\Poc.Bff.Integration.Tests.csproj", "{0AED92B3-4691-402D-B2D4-4BF643B7F30C}"
EndProject
Project("{FAE04EC0-301F-11D3-BF4B-00C04F79EFBC}") = "Poc.Bff.Infrastructure.Tests", "tests\Poc.Bff.Infrastructure.Tests\Poc.Bff.Infrastructure.Tests.csproj", "{FE4DE318-688B-47F0-B31C-60E55563CB01}"
EndProject
Global
	GlobalSection(SolutionConfigurationPlatforms) = preSolution
		Debug|Any CPU = Debug|Any CPU
		Debug|x64 = Debug|x64
		Debug|x86 = Debug|x86
		Release|Any CPU = Release|Any CPU
		Release|x64 = Release|x64
		Release|x86 = Release|x86
	EndGlobalSection
	GlobalSection(ProjectConfigurationPlatforms) = postSolution
		{E27CADD2-64C6-4C3E-89A1-0249C1D38D86}.Debug|Any CPU.ActiveCfg = Debug|Any CPU
		{E27CADD2-64C6-4C3E-89A1-0249C1D38D86}.Debug|Any CPU.Build.0 = Debug|Any CPU
		{E27CADD2-64C6-4C3E-89A1-0249C1D38D86}.Debug|x64.ActiveCfg = Debug|Any CPU
		{E27CADD2-64C6-4C3E-89A1-0249C1D38D86}.Debug|x64.Build.0 = Debug|Any CPU
		{E27CADD2-64C6-4C3E-89A1-0249C1D38D86}.Debug|x86.ActiveCfg = Debug|Any CPU
		{E27CADD2-64C6-4C3E-89A1-0249C1D38D86}.Debug|x86.Build.0 = Debug|Any CPU
		{E27CADD2-64C6-4C3E-89A1-0249C1D38D86}.Release|Any CPU.ActiveCfg = Release|Any CPU
		{E27CADD2-64C6-4C3E-89A1-0249C1D38D86}.Release|Any CPU.Build.0 = Release|Any CPU
		{E27CADD2-64C6-4C3E-89A1-0249C1D38D86}.Release|x64.ActiveCfg = Release|Any CPU
		{E27CADD2-64C6-4C3E-89A1-0249C1D38D86}.Release|x64.Build.0 = Release|Any CPU
		{E27CADD2-64C6-4C3E-89A1-0249C1D38D86}.Release|x86.ActiveCfg = Release|Any CPU
		{E27CADD2-64C6-4C3E-89A1-0249C1D38D86}.Release|x86.Build.0 = Release|Any CPU
		{F3701FBE-2C91-48A9-B039-10F05AF34049}.Debug|Any CPU.ActiveCfg = Debug|Any CPU
		{F3701FBE-2C91-48A9-B039-10F05AF34049}.Debug|Any CPU.Build.0 = Debug|Any CPU
		{F3701FBE-2C91-48A9-B039-10F05AF34049}.Debug|x64.ActiveCfg = Debug|Any CPU
		{F3701FBE-2C91-48A9-B039-10F05AF34049}.Debug|x64.Build.0 = Debug|Any CPU
		{F3701FBE-2C91-48A9-B039-10F05AF34049}.Debug|x86.ActiveCfg = Debug|Any CPU
		{F3701FBE-2C91-48A9-B039-10F05AF34049}.Debug|x86.Build.0 = Debug|Any CPU
		{F3701FBE-2C91-48A9-B039-10F05AF34049}.Release|Any CPU.ActiveCfg = Release|Any CPU
		{F3701FBE-2C91-48A9-B039-10F05AF34049}.Release|Any CPU.Build.0 = Release|Any CPU
		{F3701FBE-2C91-48A9-B039-10F05AF34049}.Release|x64.ActiveCfg = Release|Any CPU
		{F3701FBE-2C91-48A9-B039-10F05AF34049}.Release|x64.Build.0 = Release|Any CPU
		{F3701FBE-2C91-48A9-B039-10F05AF34049}.Release|x86.ActiveCfg = Release|Any CPU
		{F3701FBE-2C91-48A9-B039-10F05AF34049}.Release|x86.Build.0 = Release|Any CPU
		{96017738-53DB-43AE-934D-045BFF8B6833}.Debug|Any CPU.ActiveCfg = Debug|Any CPU
		{96017738-53DB-43AE-934D-045BFF8B6833}.Debug|Any CPU.Build.0 = Debug|Any CPU
		{96017738-53DB-43AE-934D-045BFF8B6833}.Debug|x64.ActiveCfg = Debug|Any CPU
		{96017738-53DB-43AE-934D-045BFF8B6833}.Debug|x64.Build.0 = Debug|Any CPU
		{96017738-53DB-43AE-934D-045BFF8B6833}.Debug|x86.ActiveCfg = Debug|Any CPU
		{96017738-53DB-43AE-934D-045BFF8B6833}.Debug|x86.Build.0 = Debug|Any CPU
		{96017738-53DB-43AE-934D-045BFF8B6833}.Release|Any CPU.ActiveCfg = Release|Any CPU
		{96017738-53DB-43AE-934D-045BFF8B6833}.Release|Any CPU.Build.0 = Release|Any CPU
		{96017738-53DB-43AE-934D-045BFF8B6833}.Release|x64.ActiveCfg = Release|Any CPU
		{96017738-53DB-43AE-934D-045BFF8B6833}.Release|x64.Build.0 = Release|Any CPU
		{96017738-53DB-43AE-934D-045BFF8B6833}.Release|x86.ActiveCfg = Release|Any CPU
		{96017738-53DB-43AE-934D-045BFF8B6833}.Release|x86.Build.0 = Release|Any CPU
		{69C691E7-C8D6-4042-8016-0363A45A56D4}.Debug|Any CPU.ActiveCfg = Debug|Any CPU
		{69C691E7-C8D6-4042-8016-0363A45A56D4}.Debug|Any CPU.Build.0 = Debug|Any CPU
		{69C691E7-C8D6-4042-8016-0363A45A56D4}.Debug|x64.ActiveCfg = Debug|Any CPU
		{69C691E7-C8D6-4042-8016-0363A45A56D4}.Debug|x64.Build.0 = Debug|Any CPU
		{69C691E7-C8D6-4042-8016-0363A45A56D4}.Debug|x86.ActiveCfg = Debug|Any CPU
		{69C691E7-C8D6-4042-8016-0363A45A56D4}.Debug|x86.Build.0 = Debug|Any CPU
		{69C691E7-C8D6-4042-8016-0363A45A56D4}.Release|Any CPU.ActiveCfg = Release|Any CPU
		{69C691E7-C8D6-4042-8016-0363A45A56D4}.Release|Any CPU.Build.0 = Release|Any CPU
		{69C691E7-C8D6-4042-8016-0363A45A56D4}.Release|x64.ActiveCfg = Release|Any CPU
		{69C691E7-C8D6-4042-8016-0363A45A56D4}.Release|x64.Build.0 = Release|Any CPU
		{69C691E7-C8D6-4042-8016-0363A45A56D4}.Release|x86.ActiveCfg = Release|Any CPU
		{69C691E7-C8D6-4042-8016-0363A45A56D4}.Release|x86.Build.0 = Release|Any CPU
		{DC557075-EC31-4209-95EF-682F53257A62}.Debug|Any CPU.ActiveCfg = Debug|Any CPU
		{DC557075-EC31-4209-95EF-682F53257A62}.Debug|Any CPU.Build.0 = Debug|Any CPU
		{DC557075-EC31-4209-95EF-682F53257A62}.Debug|x64.ActiveCfg = Debug|Any CPU
		{DC557075-EC31-4209-95EF-682F53257A62}.Debug|x64.Build.0 = Debug|Any CPU
		{DC557075-EC31-4209-95EF-682F53257A62}.Debug|x86.ActiveCfg = Debug|Any CPU
		{DC557075-EC31-4209-95EF-682F53257A62}.Debug|x86.Build.0 = Debug|Any CPU
		{DC557075-EC31-4209-95EF-682F53257A62}.Release|Any CPU.ActiveCfg = Release|Any CPU
		{DC557075-EC31-4209-95EF-682F53257A62}.Release|Any CPU.Build.0 = Release|Any CPU
		{DC557075-EC31-4209-95EF-682F53257A62}.Release|x64.ActiveCfg = Release|Any CPU
		{DC557075-EC31-4209-95EF-682F53257A62}.Release|x64.Build.0 = Release|Any CPU
		{DC557075-EC31-4209-95EF-682F53257A62}.Release|x86.ActiveCfg = Release|Any CPU
		{DC557075-EC31-4209-95EF-682F53257A62}.Release|x86.Build.0 = Release|Any CPU
		{47A57306-5775-4534-9CE3-1C1D46C1F09C}.Debug|Any CPU.ActiveCfg = Debug|Any CPU
		{47A57306-5775-4534-9CE3-1C1D46C1F09C}.Debug|Any CPU.Build.0 = Debug|Any CPU
		{47A57306-5775-4534-9CE3-1C1D46C1F09C}.Debug|x64.ActiveCfg = Debug|Any CPU
		{47A57306-5775-4534-9CE3-1C1D46C1F09C}.Debug|x64.Build.0 = Debug|Any CPU
		{47A57306-5775-4534-9CE3-1C1D46C1F09C}.Debug|x86.ActiveCfg = Debug|Any CPU
		{47A57306-5775-4534-9CE3-1C1D46C1F09C}.Debug|x86.Build.0 = Debug|Any CPU
		{47A57306-5775-4534-9CE3-1C1D46C1F09C}.Release|Any CPU.ActiveCfg = Release|Any CPU
		{47A57306-5775-4534-9CE3-1C1D46C1F09C}.Release|Any CPU.Build.0 = Release|Any CPU
		{47A57306-5775-4534-9CE3-1C1D46C1F09C}.Release|x64.ActiveCfg = Release|Any CPU
		{47A57306-5775-4534-9CE3-1C1D46C1F09C}.Release|x64.Build.0 = Release|Any CPU
		{47A57306-5775-4534-9CE3-1C1D46C1F09C}.Release|x86.ActiveCfg = Release|Any CPU
		{47A57306-5775-4534-9CE3-1C1D46C1F09C}.Release|x86.Build.0 = Release|Any CPU
		{0AED92B3-4691-402D-B2D4-4BF643B7F30C}.Debug|Any CPU.ActiveCfg = Debug|Any CPU
		{0AED92B3-4691-402D-B2D4-4BF643B7F30C}.Debug|Any CPU.Build.0 = Debug|Any CPU
		{0AED92B3-4691-402D-B2D4-4BF643B7F30C}.Debug|x64.ActiveCfg = Debug|Any CPU
		{0AED92B3-4691-402D-B2D4-4BF643B7F30C}.Debug|x64.Build.0 = Debug|Any CPU
		{0AED92B3-4691-402D-B2D4-4BF643B7F30C}.Debug|x86.ActiveCfg = Debug|Any CPU
		{0AED92B3-4691-402D-B2D4-4BF643B7F30C}.Debug|x86.Build.0 = Debug|Any CPU
		{0AED92B3-4691-402D-B2D4-4BF643B7F30C}.Release|Any CPU.ActiveCfg = Release|Any CPU
		{0AED92B3-4691-402D-B2D4-4BF643B7F30C}.Release|Any CPU.Build.0 = Release|Any CPU
		{0AED92B3-4691-402D-B2D4-4BF643B7F30C}.Release|x64.ActiveCfg = Release|Any CPU
		{0AED92B3-4691-402D-B2D4-4BF643B7F30C}.Release|x64.Build.0 = Release|Any CPU
		{0AED92B3-4691-402D-B2D4-4BF643B7F30C}.Release|x86.ActiveCfg = Release|Any CPU
		{0AED92B3-4691-402D-B2D4-4BF643B7F30C}.Release|x86.Build.0 = Release|Any CPU
		{FE4DE318-688B-47F0-B31C-60E55563CB01}.Debug|Any CPU.ActiveCfg = Debug|Any CPU
		{FE4DE318-688B-47F0-B31C-60E55563CB01}.Debug|Any CPU.Build.0 = Debug|Any CPU
		{FE4DE318-688B-47F0-B31C-60E55563CB01}.Debug|x64.ActiveCfg = Debug|Any CPU
		{FE4DE318-688B-47F0-B31C-60E55563CB01}.Debug|x64.Build.0 = Debug|Any CPU
		{FE4DE318-688B-47F0-B31C-60E55563CB01}.Debug|x86.ActiveCfg = Debug|Any CPU
		{FE4DE318-688B-47F0-B31C-60E55563CB01}.Debug|x86.Build.0 = Debug|Any CPU
		{FE4DE318-688B-47F0-B31C-60E55563CB01}.Release|Any CPU.ActiveCfg = Release|Any CPU
		{FE4DE318-688B-47F0-B31C-60E55563CB01}.Release|Any CPU.Build.0 = Release|Any CPU
		{FE4DE318-688B-47F0-B31C-60E55563CB01}.Release|x64.ActiveCfg = Release|Any CPU
		{FE4DE318-688B-47F0-B31C-60E55563CB01}.Release|x64.Build.0 = Release|Any CPU
		{FE4DE318-688B-47F0-B31C-60E55563CB01}.Release|x86.ActiveCfg = Release|Any CPU
		{FE4DE318-688B-47F0-B31C-60E55563CB01}.Release|x86.Build.0 = Release|Any CPU
	EndGlobalSection
	GlobalSection(SolutionProperties) = preSolution
		HideSolutionNode = FALSE
	EndGlobalSection
	GlobalSection(NestedProjects) = preSolution
		{E27CADD2-64C6-4C3E-89A1-0249C1D38D86} = {827E0CD3-B72D-47B6-A68D-7590B98EB39B}
		{F3701FBE-2C91-48A9-B039-10F05AF34049} = {827E0CD3-B72D-47B6-A68D-7590B98EB39B}
		{96017738-53DB-43AE-934D-045BFF8B6833} = {827E0CD3-B72D-47B6-A68D-7590B98EB39B}
		{69C691E7-C8D6-4042-8016-0363A45A56D4} = {827E0CD3-B72D-47B6-A68D-7590B98EB39B}
		{DC557075-EC31-4209-95EF-682F53257A62} = {0AB3BF05-4346-4AA6-1389-037BE0695223}
		{47A57306-5775-4534-9CE3-1C1D46C1F09C} = {0AB3BF05-4346-4AA6-1389-037BE0695223}
		{0AED92B3-4691-402D-B2D4-4BF643B7F30C} = {0AB3BF05-4346-4AA6-1389-037BE0695223}
		{FE4DE318-688B-47F0-B31C-60E55563CB01} = {0AB3BF05-4346-4AA6-1389-037BE0695223}
	EndGlobalSection
EndGlobal
